
Microsoft Visual Studio Solution File, Format Version 12.00
# Visual Studio Version 17
VisualStudioVersion = 17.3.32825.248
MinimumVisualStudioVersion = 10.0.40219.1
Project("{9A19103F-16F7-4668-BE54-9A1E7A4F7556}") = "VocabularyTrainerConsole", "Lab3\VocabularyTrainerConsole.csproj", "{EBE2A44F-43D5-427A-B464-3CC0D9E60897}"
EndProject
Project("{9A19103F-16F7-4668-BE54-9A1E7A4F7556}") = "Word", "Word\Word.csproj", "{8E99DFD9-15C2-4DDD-BA9A-5130165D96A4}"
EndProject
Project("{9A19103F-16F7-4668-BE54-9A1E7A4F7556}") = "VocabularyTrainerForm", "WinFormsApp1\VocabularyTrainerForm.csproj", "{AE47FEA2-3032-42EF-A759-13668E12F674}"
EndProject
Project("{9A19103F-16F7-4668-BE54-9A1E7A4F7556}") = "StringExtension", "StringExtension\StringExtension.csproj", "{AA1DC041-688F-4185-9B77-84F267A931E0}"
EndProject
Global
	GlobalSection(SolutionConfigurationPlatforms) = preSolution
		Debug|Any CPU = Debug|Any CPU
		Release|Any CPU = Release|Any CPU
	EndGlobalSection
	GlobalSection(ProjectConfigurationPlatforms) = postSolution
		{EBE2A44F-43D5-427A-B464-3CC0D9E60897}.Debug|Any CPU.ActiveCfg = Debug|Any CPU
		{EBE2A44F-43D5-427A-B464-3CC0D9E60897}.Debug|Any CPU.Build.0 = Debug|Any CPU
		{EBE2A44F-43D5-427A-B464-3CC0D9E60897}.Release|Any CPU.ActiveCfg = Release|Any CPU
		{EBE2A44F-43D5-427A-B464-3CC0D9E60897}.Release|Any CPU.Build.0 = Release|Any CPU
		{8E99DFD9-15C2-4DDD-BA9A-5130165D96A4}.Debug|Any CPU.ActiveCfg = Debug|Any CPU
		{8E99DFD9-15C2-4DDD-BA9A-5130165D96A4}.Debug|Any CPU.Build.0 = Debug|Any CPU
		{8E99DFD9-15C2-4DDD-BA9A-5130165D96A4}.Release|Any CPU.ActiveCfg = Release|Any CPU
		{8E99DFD9-15C2-4DDD-BA9A-5130165D96A4}.Release|Any CPU.Build.0 = Release|Any CPU
		{AE47FEA2-3032-42EF-A759-13668E12F674}.Debug|Any CPU.ActiveCfg = Debug|Any CPU
		{AE47FEA2-3032-42EF-A759-13668E12F674}.Debug|Any CPU.Build.0 = Debug|Any CPU
		{AE47FEA2-3032-42EF-A759-13668E12F674}.Release|Any CPU.ActiveCfg = Release|Any CPU
		{AE47FEA2-3032-42EF-A759-13668E12F674}.Release|Any CPU.Build.0 = Release|Any CPU
		{AA1DC041-688F-4185-9B77-84F267A931E0}.Debug|Any CPU.ActiveCfg = Debug|Any CPU
		{AA1DC041-688F-4185-9B77-84F267A931E0}.Debug|Any CPU.Build.0 = Debug|Any CPU
		{AA1DC041-688F-4185-9B77-84F267A931E0}.Release|Any CPU.ActiveCfg = Release|Any CPU
		{AA1DC041-688F-4185-9B77-84F267A931E0}.Release|Any CPU.Build.0 = Release|Any CPU
	EndGlobalSection
	GlobalSection(SolutionProperties) = preSolution
		HideSolutionNode = FALSE
	EndGlobalSection
	GlobalSection(ExtensibilityGlobals) = postSolution
		SolutionGuid = {53BE5813-9214-40E2-AFA3-CB10D3F13D29}
	EndGlobalSection
EndGlobal
